
Microsoft Visual Studio Solution File, Format Version 12.00
# Visual Studio Version 16
VisualStudioVersion = 16.0.29806.167
MinimumVisualStudioVersion = 10.0.40219.1
Project("{8BC9CEB8-8B4A-11D0-8D11-00A0C91BC942}") = "ProjectPart2", "ProjectPart2\ProjectPart2.vcxproj", "{DECB80B8-302A-4680-9CD9-9D5F9DA6FF4E}"
EndProject
Global
	GlobalSection(SolutionConfigurationPlatforms) = preSolution
		Debug|x64 = Debug|x64
		Debug|x86 = Debug|x86
		Release|x64 = Release|x64
		Release|x86 = Release|x86
	EndGlobalSection
	GlobalSection(ProjectConfigurationPlatforms) = postSolution
		{DECB80B8-302A-4680-9CD9-9D5F9DA6FF4E}.Debug|x64.ActiveCfg = Debug|x64
		{DECB80B8-302A-4680-9CD9-9D5F9DA6FF4E}.Debug|x64.Build.0 = Debug|x64
		{DECB80B8-302A-4680-9CD9-9D5F9DA6FF4E}.Debug|x86.ActiveCfg = Debug|Win32
		{DECB80B8-302A-4680-9CD9-9D5F9DA6FF4E}.Debug|x86.Build.0 = Debug|Win32
		{DECB80B8-302A-4680-9CD9-9D5F9DA6FF4E}.Release|x64.ActiveCfg = Release|x64
		{DECB80B8-302A-4680-9CD9-9D5F9DA6FF4E}.Release|x64.Build.0 = Release|x64
		{DECB80B8-302A-4680-9CD9-9D5F9DA6FF4E}.Release|x86.ActiveCfg = Release|Win32
		{DECB80B8-302A-4680-9CD9-9D5F9DA6FF4E}.Release|x86.Build.0 = Release|Win32
	EndGlobalSection
	GlobalSection(SolutionProperties) = preSolution
		HideSolutionNode = FALSE
	EndGlobalSection
	GlobalSection(ExtensibilityGlobals) = postSolution
		SolutionGuid = {36976C8A-3799-4911-B142-C0901B01C2BF}
	EndGlobalSection
EndGlobal
